// !$*UTF8*$!
{
	archiveVersion = 1;
	classes = {
	};
	objectVersion = 51;
	objects = {

/* Begin PBXBuildFile section */
		4E26367F7FD85CE4626F28BE /* Pods_Calendars.framework in Frameworks */ = {isa = PBXBuildFile; fileRef = BC3690BBBD1D0A800F833BB3 /* Pods_Calendars.framework */; };
		D10DAFE72451C4DE00FC253E /* EventDAO.swift in Sources */ = {isa = PBXBuildFile; fileRef = D10DAFE62451C4DE00FC253E /* EventDAO.swift */; };
		D10DAFE92451CD8200FC253E /* EventCollision.swift in Sources */ = {isa = PBXBuildFile; fileRef = D10DAFE82451CD8200FC253E /* EventCollision.swift */; };
		D10DAFEB2451E94F00FC253E /* Profile.swift in Sources */ = {isa = PBXBuildFile; fileRef = D10DAFEA2451E94F00FC253E /* Profile.swift */; };
		D10DAFED2451F45D00FC253E /* HexToUIColor.swift in Sources */ = {isa = PBXBuildFile; fileRef = D10DAFEC2451F45D00FC253E /* HexToUIColor.swift */; };
		D14AED812443AC840012469F /* DayView.swift in Sources */ = {isa = PBXBuildFile; fileRef = D14AED802443AC840012469F /* DayView.swift */; };
		D14AED832443AC990012469F /* DayView.xib in Resources */ = {isa = PBXBuildFile; fileRef = D14AED822443AC990012469F /* DayView.xib */; };
		D14AED852443B0BA0012469F /* WeekView.swift in Sources */ = {isa = PBXBuildFile; fileRef = D14AED842443B0BA0012469F /* WeekView.swift */; };
		D14AED872443B0C50012469F /* WeekView.xib in Resources */ = {isa = PBXBuildFile; fileRef = D14AED862443B0C50012469F /* WeekView.xib */; };
		D16403052443D2560078E059 /* MonthView.swift in Sources */ = {isa = PBXBuildFile; fileRef = D16403042443D2560078E059 /* MonthView.swift */; };
		D16403072443D28F0078E059 /* MonthView.xib in Resources */ = {isa = PBXBuildFile; fileRef = D16403062443D28F0078E059 /* MonthView.xib */; };
		D1784746244970B600D3472F /* TaskView.swift in Sources */ = {isa = PBXBuildFile; fileRef = D1784745244970B600D3472F /* TaskView.swift */; };
		D1784748244970BE00D3472F /* TaskView.xib in Resources */ = {isa = PBXBuildFile; fileRef = D1784747244970BE00D3472F /* TaskView.xib */; };
		D178474B2449713000D3472F /* BinView.swift in Sources */ = {isa = PBXBuildFile; fileRef = D178474A2449713000D3472F /* BinView.swift */; };
		D178474D2449713900D3472F /* BinView.xib in Resources */ = {isa = PBXBuildFile; fileRef = D178474C2449713900D3472F /* BinView.xib */; };
		D179B6502448BFE9002C00B9 /* YearView.swift in Sources */ = {isa = PBXBuildFile; fileRef = D179B64F2448BFE9002C00B9 /* YearView.swift */; };
		D179B6522448BFF5002C00B9 /* YearView.xib in Resources */ = {isa = PBXBuildFile; fileRef = D179B6512448BFF5002C00B9 /* YearView.xib */; };
		D179B6542448C75B002C00B9 /* HomeView.swift in Sources */ = {isa = PBXBuildFile; fileRef = D179B6532448C75B002C00B9 /* HomeView.swift */; };
		D179B6562448C76B002C00B9 /* HomeView.xib in Resources */ = {isa = PBXBuildFile; fileRef = D179B6552448C76B002C00B9 /* HomeView.xib */; };
		D1870E50244E424600DC56B8 /* TextfieldAnimation.swift in Sources */ = {isa = PBXBuildFile; fileRef = D1870E4F244E424600DC56B8 /* TextfieldAnimation.swift */; };
		D189C06C24264A1E00FF7723 /* AppDelegate.swift in Sources */ = {isa = PBXBuildFile; fileRef = D189C06B24264A1E00FF7723 /* AppDelegate.swift */; };
		D189C06E24264A1E00FF7723 /* SceneDelegate.swift in Sources */ = {isa = PBXBuildFile; fileRef = D189C06D24264A1E00FF7723 /* SceneDelegate.swift */; };
		D189C07024264A1E00FF7723 /* MainViewController.swift in Sources */ = {isa = PBXBuildFile; fileRef = D189C06F24264A1E00FF7723 /* MainViewController.swift */; };
		D189C07324264A1E00FF7723 /* Main.storyboard in Resources */ = {isa = PBXBuildFile; fileRef = D189C07124264A1E00FF7723 /* Main.storyboard */; };
		D189C07624264A1E00FF7723 /* Calendars.xcdatamodeld in Sources */ = {isa = PBXBuildFile; fileRef = D189C07424264A1E00FF7723 /* Calendars.xcdatamodeld */; };
		D189C07824264A1F00FF7723 /* Assets.xcassets in Resources */ = {isa = PBXBuildFile; fileRef = D189C07724264A1F00FF7723 /* Assets.xcassets */; };
		D189C07B24264A1F00FF7723 /* LaunchScreen.storyboard in Resources */ = {isa = PBXBuildFile; fileRef = D189C07924264A1F00FF7723 /* LaunchScreen.storyboard */; };
		D1A0CFF4244B9B0D008C4D7C /* Event.swift in Sources */ = {isa = PBXBuildFile; fileRef = D1A0CFF3244B9B0D008C4D7C /* Event.swift */; };
		D1B79167244888C900B4A350 /* EventView.swift in Sources */ = {isa = PBXBuildFile; fileRef = D1B79166244888C900B4A350 /* EventView.swift */; };
		D1B79169244888DB00B4A350 /* EventView.xib in Resources */ = {isa = PBXBuildFile; fileRef = D1B79168244888DB00B4A350 /* EventView.xib */; };
		D1C0AE2C244DED7C00BB517D /* AddEditViewController.swift in Sources */ = {isa = PBXBuildFile; fileRef = D1C0AE2B244DED7C00BB517D /* AddEditViewController.swift */; };
		D1C57E912449F74900C939D8 /* GoogleService-Info.plist in Resources */ = {isa = PBXBuildFile; fileRef = D1C57E902449F74900C939D8 /* GoogleService-Info.plist */; };
		D1F228E6245452330008DD92 /* SearchPanelViewController.swift in Sources */ = {isa = PBXBuildFile; fileRef = D1F228E5245452330008DD92 /* SearchPanelViewController.swift */; };
		D1F228E8245458990008DD92 /* profileView.xib in Resources */ = {isa = PBXBuildFile; fileRef = D1F228E7245458990008DD92 /* profileView.xib */; };
		D1F228EE245459090008DD92 /* profileView.swift in Sources */ = {isa = PBXBuildFile; fileRef = D1F228ED245459090008DD92 /* profileView.swift */; };
		D1F228F124545ADF0008DD92 /* NavigationProtocol.swift in Sources */ = {isa = PBXBuildFile; fileRef = D1F228F024545ADF0008DD92 /* NavigationProtocol.swift */; };
		D1F228F324545CEE0008DD92 /* CalendarProtocol.swift in Sources */ = {isa = PBXBuildFile; fileRef = D1F228F224545CEE0008DD92 /* CalendarProtocol.swift */; };
		D1F228F5245464450008DD92 /* ProfileDAO.swift in Sources */ = {isa = PBXBuildFile; fileRef = D1F228F4245464450008DD92 /* ProfileDAO.swift */; };
/* End PBXBuildFile section */

/* Begin PBXFileReference section */
		3CAD2A87597709C627535437 /* Pods-Calendars.debug.xcconfig */ = {isa = PBXFileReference; includeInIndex = 1; lastKnownFileType = text.xcconfig; name = "Pods-Calendars.debug.xcconfig"; path = "Target Support Files/Pods-Calendars/Pods-Calendars.debug.xcconfig"; sourceTree = "<group>"; };
		852D2DA748B60219B8E7E527 /* Pods-Calendars.release.xcconfig */ = {isa = PBXFileReference; includeInIndex = 1; lastKnownFileType = text.xcconfig; name = "Pods-Calendars.release.xcconfig"; path = "Target Support Files/Pods-Calendars/Pods-Calendars.release.xcconfig"; sourceTree = "<group>"; };
		BC3690BBBD1D0A800F833BB3 /* Pods_Calendars.framework */ = {isa = PBXFileReference; explicitFileType = wrapper.framework; includeInIndex = 0; path = Pods_Calendars.framework; sourceTree = BUILT_PRODUCTS_DIR; };
		D10DAFE62451C4DE00FC253E /* EventDAO.swift */ = {isa = PBXFileReference; lastKnownFileType = sourcecode.swift; path = EventDAO.swift; sourceTree = "<group>"; };
		D10DAFE82451CD8200FC253E /* EventCollision.swift */ = {isa = PBXFileReference; lastKnownFileType = sourcecode.swift; path = EventCollision.swift; sourceTree = "<group>"; };
		D10DAFEA2451E94F00FC253E /* Profile.swift */ = {isa = PBXFileReference; lastKnownFileType = sourcecode.swift; path = Profile.swift; sourceTree = "<group>"; };
		D10DAFEC2451F45D00FC253E /* HexToUIColor.swift */ = {isa = PBXFileReference; lastKnownFileType = sourcecode.swift; path = HexToUIColor.swift; sourceTree = "<group>"; };
		D14AED802443AC840012469F /* DayView.swift */ = {isa = PBXFileReference; lastKnownFileType = sourcecode.swift; path = DayView.swift; sourceTree = "<group>"; };
		D14AED822443AC990012469F /* DayView.xib */ = {isa = PBXFileReference; lastKnownFileType = file.xib; path = DayView.xib; sourceTree = "<group>"; };
		D14AED842443B0BA0012469F /* WeekView.swift */ = {isa = PBXFileReference; lastKnownFileType = sourcecode.swift; path = WeekView.swift; sourceTree = "<group>"; };
		D14AED862443B0C50012469F /* WeekView.xib */ = {isa = PBXFileReference; lastKnownFileType = file.xib; path = WeekView.xib; sourceTree = "<group>"; };
		D16403042443D2560078E059 /* MonthView.swift */ = {isa = PBXFileReference; lastKnownFileType = sourcecode.swift; path = MonthView.swift; sourceTree = "<group>"; };
		D16403062443D28F0078E059 /* MonthView.xib */ = {isa = PBXFileReference; lastKnownFileType = file.xib; path = MonthView.xib; sourceTree = "<group>"; };
		D1784745244970B600D3472F /* TaskView.swift */ = {isa = PBXFileReference; lastKnownFileType = sourcecode.swift; path = TaskView.swift; sourceTree = "<group>"; };
		D1784747244970BE00D3472F /* TaskView.xib */ = {isa = PBXFileReference; lastKnownFileType = file.xib; path = TaskView.xib; sourceTree = "<group>"; };
		D178474A2449713000D3472F /* BinView.swift */ = {isa = PBXFileReference; lastKnownFileType = sourcecode.swift; path = BinView.swift; sourceTree = "<group>"; };
		D178474C2449713900D3472F /* BinView.xib */ = {isa = PBXFileReference; lastKnownFileType = file.xib; path = BinView.xib; sourceTree = "<group>"; };
		D179B64F2448BFE9002C00B9 /* YearView.swift */ = {isa = PBXFileReference; lastKnownFileType = sourcecode.swift; path = YearView.swift; sourceTree = "<group>"; };
		D179B6512448BFF5002C00B9 /* YearView.xib */ = {isa = PBXFileReference; lastKnownFileType = file.xib; path = YearView.xib; sourceTree = "<group>"; };
		D179B6532448C75B002C00B9 /* HomeView.swift */ = {isa = PBXFileReference; lastKnownFileType = sourcecode.swift; path = HomeView.swift; sourceTree = "<group>"; };
		D179B6552448C76B002C00B9 /* HomeView.xib */ = {isa = PBXFileReference; lastKnownFileType = file.xib; path = HomeView.xib; sourceTree = "<group>"; };
		D1870E4F244E424600DC56B8 /* TextfieldAnimation.swift */ = {isa = PBXFileReference; lastKnownFileType = sourcecode.swift; path = TextfieldAnimation.swift; sourceTree = "<group>"; };
		D189C06824264A1E00FF7723 /* Calendars.app */ = {isa = PBXFileReference; explicitFileType = wrapper.application; includeInIndex = 0; path = Calendars.app; sourceTree = BUILT_PRODUCTS_DIR; };
		D189C06B24264A1E00FF7723 /* AppDelegate.swift */ = {isa = PBXFileReference; lastKnownFileType = sourcecode.swift; path = AppDelegate.swift; sourceTree = "<group>"; };
		D189C06D24264A1E00FF7723 /* SceneDelegate.swift */ = {isa = PBXFileReference; lastKnownFileType = sourcecode.swift; path = SceneDelegate.swift; sourceTree = "<group>"; };
		D189C06F24264A1E00FF7723 /* MainViewController.swift */ = {isa = PBXFileReference; lastKnownFileType = sourcecode.swift; path = MainViewController.swift; sourceTree = "<group>"; };
		D189C07224264A1E00FF7723 /* Base */ = {isa = PBXFileReference; lastKnownFileType = file.storyboard; name = Base; path = Base.lproj/Main.storyboard; sourceTree = "<group>"; };
		D189C07524264A1E00FF7723 /* Calendars.xcdatamodel */ = {isa = PBXFileReference; lastKnownFileType = wrapper.xcdatamodel; path = Calendars.xcdatamodel; sourceTree = "<group>"; };
		D189C07724264A1F00FF7723 /* Assets.xcassets */ = {isa = PBXFileReference; lastKnownFileType = folder.assetcatalog; path = Assets.xcassets; sourceTree = "<group>"; };
		D189C07A24264A1F00FF7723 /* Base */ = {isa = PBXFileReference; lastKnownFileType = file.storyboard; name = Base; path = Base.lproj/LaunchScreen.storyboard; sourceTree = "<group>"; };
		D189C07C24264A1F00FF7723 /* Info.plist */ = {isa = PBXFileReference; lastKnownFileType = text.plist.xml; path = Info.plist; sourceTree = "<group>"; };
		D1A0CFF3244B9B0D008C4D7C /* Event.swift */ = {isa = PBXFileReference; lastKnownFileType = sourcecode.swift; path = Event.swift; sourceTree = "<group>"; };
		D1B79166244888C900B4A350 /* EventView.swift */ = {isa = PBXFileReference; lastKnownFileType = sourcecode.swift; path = EventView.swift; sourceTree = "<group>"; };
		D1B79168244888DB00B4A350 /* EventView.xib */ = {isa = PBXFileReference; lastKnownFileType = file.xib; path = EventView.xib; sourceTree = "<group>"; };
		D1C0AE2B244DED7C00BB517D /* AddEditViewController.swift */ = {isa = PBXFileReference; lastKnownFileType = sourcecode.swift; path = AddEditViewController.swift; sourceTree = "<group>"; };
		D1C57E902449F74900C939D8 /* GoogleService-Info.plist */ = {isa = PBXFileReference; lastKnownFileType = text.plist; path = "GoogleService-Info.plist"; sourceTree = SOURCE_ROOT; };
		D1F228E5245452330008DD92 /* SearchPanelViewController.swift */ = {isa = PBXFileReference; lastKnownFileType = sourcecode.swift; path = SearchPanelViewController.swift; sourceTree = "<group>"; };
		D1F228E7245458990008DD92 /* profileView.xib */ = {isa = PBXFileReference; lastKnownFileType = file.xib; path = profileView.xib; sourceTree = "<group>"; };
		D1F228ED245459090008DD92 /* profileView.swift */ = {isa = PBXFileReference; lastKnownFileType = sourcecode.swift; path = profileView.swift; sourceTree = "<group>"; };
		D1F228F024545ADF0008DD92 /* NavigationProtocol.swift */ = {isa = PBXFileReference; lastKnownFileType = sourcecode.swift; path = NavigationProtocol.swift; sourceTree = "<group>"; };
		D1F228F224545CEE0008DD92 /* CalendarProtocol.swift */ = {isa = PBXFileReference; lastKnownFileType = sourcecode.swift; path = CalendarProtocol.swift; sourceTree = "<group>"; };
		D1F228F4245464450008DD92 /* ProfileDAO.swift */ = {isa = PBXFileReference; lastKnownFileType = sourcecode.swift; path = ProfileDAO.swift; sourceTree = "<group>"; };
/* End PBXFileReference section */

/* Begin PBXFrameworksBuildPhase section */
		D189C06524264A1E00FF7723 /* Frameworks */ = {
			isa = PBXFrameworksBuildPhase;
			buildActionMask = 2147483647;
			files = (
				4E26367F7FD85CE4626F28BE /* Pods_Calendars.framework in Frameworks */,
			);
			runOnlyForDeploymentPostprocessing = 0;
		};
/* End PBXFrameworksBuildPhase section */

/* Begin PBXGroup section */
		2D1576C9AB99C7636273284B /* Frameworks */ = {
			isa = PBXGroup;
			children = (
				BC3690BBBD1D0A800F833BB3 /* Pods_Calendars.framework */,
			);
			name = Frameworks;
			sourceTree = "<group>";
		};
		D10DAFE52451C48300FC253E /* DAO */ = {
			isa = PBXGroup;
			children = (
				D10DAFE62451C4DE00FC253E /* EventDAO.swift */,
				D1F228F4245464450008DD92 /* ProfileDAO.swift */,
			);
			path = DAO;
			sourceTree = "<group>";
		};
		D16403082443DD730078E059 /* Calendar Views */ = {
			isa = PBXGroup;
			children = (
				D14AED802443AC840012469F /* DayView.swift */,
				D14AED822443AC990012469F /* DayView.xib */,
				D14AED842443B0BA0012469F /* WeekView.swift */,
				D14AED862443B0C50012469F /* WeekView.xib */,
				D16403042443D2560078E059 /* MonthView.swift */,
				D16403062443D28F0078E059 /* MonthView.xib */,
				D179B64F2448BFE9002C00B9 /* YearView.swift */,
				D179B6512448BFF5002C00B9 /* YearView.xib */,
			);
			path = "Calendar Views";
			sourceTree = "<group>";
		};
		D16403092443DDB10078E059 /* Navigation Views */ = {
			isa = PBXGroup;
			children = (
				D179B6532448C75B002C00B9 /* HomeView.swift */,
				D179B6552448C76B002C00B9 /* HomeView.xib */,
				D1B79166244888C900B4A350 /* EventView.swift */,
				D1B79168244888DB00B4A350 /* EventView.xib */,
				D1784745244970B600D3472F /* TaskView.swift */,
				D1784747244970BE00D3472F /* TaskView.xib */,
				D178474A2449713000D3472F /* BinView.swift */,
				D178474C2449713900D3472F /* BinView.xib */,
				D1F228ED245459090008DD92 /* profileView.swift */,
				D1F228E7245458990008DD92 /* profileView.xib */,
			);
			path = "Navigation Views";
			sourceTree = "<group>";
		};
		D1870E4E244E422400DC56B8 /* Utility */ = {
			isa = PBXGroup;
			children = (
				D1870E4F244E424600DC56B8 /* TextfieldAnimation.swift */,
				D10DAFE82451CD8200FC253E /* EventCollision.swift */,
				D10DAFEC2451F45D00FC253E /* HexToUIColor.swift */,
			);
			path = Utility;
			sourceTree = "<group>";
		};
		D189C05F24264A1E00FF7723 = {
			isa = PBXGroup;
			children = (
				D189C06A24264A1E00FF7723 /* Calendars */,
				D189C06924264A1E00FF7723 /* Products */,
				F6469DFD54D8C47757D33626 /* Pods */,
				2D1576C9AB99C7636273284B /* Frameworks */,
			);
			sourceTree = "<group>";
		};
		D189C06924264A1E00FF7723 /* Products */ = {
			isa = PBXGroup;
			children = (
				D189C06824264A1E00FF7723 /* Calendars.app */,
			);
			name = Products;
			sourceTree = "<group>";
		};
		D189C06A24264A1E00FF7723 /* Calendars */ = {
			isa = PBXGroup;
			children = (
				D1F228EF24545AC20008DD92 /* Protocols */,
				D10DAFE52451C48300FC253E /* DAO */,
				D1870E4E244E422400DC56B8 /* Utility */,
				D1A0CFF2244B9AC6008C4D7C /* Models */,
				D1C57E902449F74900C939D8 /* GoogleService-Info.plist */,
				D16403092443DDB10078E059 /* Navigation Views */,
				D16403082443DD730078E059 /* Calendar Views */,
				D189C06B24264A1E00FF7723 /* AppDelegate.swift */,
				D189C06D24264A1E00FF7723 /* SceneDelegate.swift */,
				D1C0AE2B244DED7C00BB517D /* AddEditViewController.swift */,
				D189C06F24264A1E00FF7723 /* MainViewController.swift */,
				D1F228E5245452330008DD92 /* SearchPanelViewController.swift */,
				D189C07124264A1E00FF7723 /* Main.storyboard */,
				D189C07724264A1F00FF7723 /* Assets.xcassets */,
				D189C07924264A1F00FF7723 /* LaunchScreen.storyboard */,
				D189C07C24264A1F00FF7723 /* Info.plist */,
				D189C07424264A1E00FF7723 /* Calendars.xcdatamodeld */,
			);
			path = Calendars;
			sourceTree = "<group>";
		};
		D1A0CFF2244B9AC6008C4D7C /* Models */ = {
			isa = PBXGroup;
			children = (
				D1A0CFF3244B9B0D008C4D7C /* Event.swift */,
				D10DAFEA2451E94F00FC253E /* Profile.swift */,
			);
			path = Models;
			sourceTree = "<group>";
		};
		D1F228EF24545AC20008DD92 /* Protocols */ = {
			isa = PBXGroup;
			children = (
				D1F228F024545ADF0008DD92 /* NavigationProtocol.swift */,
				D1F228F224545CEE0008DD92 /* CalendarProtocol.swift */,
			);
			path = Protocols;
			sourceTree = "<group>";
		};
		F6469DFD54D8C47757D33626 /* Pods */ = {
			isa = PBXGroup;
			children = (
				3CAD2A87597709C627535437 /* Pods-Calendars.debug.xcconfig */,
				852D2DA748B60219B8E7E527 /* Pods-Calendars.release.xcconfig */,
			);
			path = Pods;
			sourceTree = "<group>";
		};
/* End PBXGroup section */

/* Begin PBXNativeTarget section */
		D189C06724264A1E00FF7723 /* Calendars */ = {
			isa = PBXNativeTarget;
			buildConfigurationList = D189C07F24264A1F00FF7723 /* Build configuration list for PBXNativeTarget "Calendars" */;
			buildPhases = (
				3548C0ABF348A034EC3234B9 /* [CP] Check Pods Manifest.lock */,
				D189C06424264A1E00FF7723 /* Sources */,
				D189C06524264A1E00FF7723 /* Frameworks */,
				D189C06624264A1E00FF7723 /* Resources */,
				595F82781409EAC6CAA0BE94 /* [CP] Embed Pods Frameworks */,
			);
			buildRules = (
			);
			dependencies = (
			);
			name = Calendars;
			productName = Calendars;
			productReference = D189C06824264A1E00FF7723 /* Calendars.app */;
			productType = "com.apple.product-type.application";
		};
/* End PBXNativeTarget section */

/* Begin PBXProject section */
		D189C06024264A1E00FF7723 /* Project object */ = {
			isa = PBXProject;
			attributes = {
				LastSwiftUpdateCheck = 1130;
				LastUpgradeCheck = 1130;
				ORGANIZATIONNAME = "Rafin Rahman";
				TargetAttributes = {
					D189C06724264A1E00FF7723 = {
						CreatedOnToolsVersion = 11.3.1;
					};
				};
			};
			buildConfigurationList = D189C06324264A1E00FF7723 /* Build configuration list for PBXProject "Calendars" */;
			compatibilityVersion = "Xcode 9.3";
			developmentRegion = en;
			hasScannedForEncodings = 0;
			knownRegions = (
				en,
				Base,
			);
			mainGroup = D189C05F24264A1E00FF7723;
			productRefGroup = D189C06924264A1E00FF7723 /* Products */;
			projectDirPath = "";
			projectRoot = "";
			targets = (
				D189C06724264A1E00FF7723 /* Calendars */,
			);
		};
/* End PBXProject section */

/* Begin PBXResourcesBuildPhase section */
		D189C06624264A1E00FF7723 /* Resources */ = {
			isa = PBXResourcesBuildPhase;
			buildActionMask = 2147483647;
			files = (
				D1B79169244888DB00B4A350 /* EventView.xib in Resources */,
				D1784748244970BE00D3472F /* TaskView.xib in Resources */,
				D179B6522448BFF5002C00B9 /* YearView.xib in Resources */,
				D189C07B24264A1F00FF7723 /* LaunchScreen.storyboard in Resources */,
				D14AED832443AC990012469F /* DayView.xib in Resources */,
				D1F228E8245458990008DD92 /* profileView.xib in Resources */,
				D1C57E912449F74900C939D8 /* GoogleService-Info.plist in Resources */,
				D178474D2449713900D3472F /* BinView.xib in Resources */,
				D189C07824264A1F00FF7723 /* Assets.xcassets in Resources */,
				D189C07324264A1E00FF7723 /* Main.storyboard in Resources */,
				D14AED872443B0C50012469F /* WeekView.xib in Resources */,
				D16403072443D28F0078E059 /* MonthView.xib in Resources */,
				D179B6562448C76B002C00B9 /* HomeView.xib in Resources */,
			);
			runOnlyForDeploymentPostprocessing = 0;
		};
/* End PBXResourcesBuildPhase section */

/* Begin PBXShellScriptBuildPhase section */
		3548C0ABF348A034EC3234B9 /* [CP] Check Pods Manifest.lock */ = {
			isa = PBXShellScriptBuildPhase;
			buildActionMask = 2147483647;
			files = (
			);
			inputFileListPaths = (
			);
			inputPaths = (
				"${PODS_PODFILE_DIR_PATH}/Podfile.lock",
				"${PODS_ROOT}/Manifest.lock",
			);
			name = "[CP] Check Pods Manifest.lock";
			outputFileListPaths = (
			);
			outputPaths = (
				"$(DERIVED_FILE_DIR)/Pods-Calendars-checkManifestLockResult.txt",
			);
			runOnlyForDeploymentPostprocessing = 0;
			shellPath = /bin/sh;
			shellScript = "diff \"${PODS_PODFILE_DIR_PATH}/Podfile.lock\" \"${PODS_ROOT}/Manifest.lock\" > /dev/null\nif [ $? != 0 ] ; then\n    # print error to STDERR\n    echo \"error: The sandbox is not in sync with the Podfile.lock. Run 'pod install' or update your CocoaPods installation.\" >&2\n    exit 1\nfi\n# This output is used by Xcode 'outputs' to avoid re-running this script phase.\necho \"SUCCESS\" > \"${SCRIPT_OUTPUT_FILE_0}\"\n";
			showEnvVarsInLog = 0;
		};
		595F82781409EAC6CAA0BE94 /* [CP] Embed Pods Frameworks */ = {
			isa = PBXShellScriptBuildPhase;
			buildActionMask = 2147483647;
			files = (
			);
			inputFileListPaths = (
				"${PODS_ROOT}/Target Support Files/Pods-Calendars/Pods-Calendars-frameworks-${CONFIGURATION}-input-files.xcfilelist",
			);
			name = "[CP] Embed Pods Frameworks";
			outputFileListPaths = (
				"${PODS_ROOT}/Target Support Files/Pods-Calendars/Pods-Calendars-frameworks-${CONFIGURATION}-output-files.xcfilelist",
			);
			runOnlyForDeploymentPostprocessing = 0;
			shellPath = /bin/sh;
			shellScript = "\"${PODS_ROOT}/Target Support Files/Pods-Calendars/Pods-Calendars-frameworks.sh\"\n";
			showEnvVarsInLog = 0;
		};
/* End PBXShellScriptBuildPhase section */

/* Begin PBXSourcesBuildPhase section */
		D189C06424264A1E00FF7723 /* Sources */ = {
			isa = PBXSourcesBuildPhase;
			buildActionMask = 2147483647;
			files = (
				D178474B2449713000D3472F /* BinView.swift in Sources */,
				D189C07024264A1E00FF7723 /* MainViewController.swift in Sources */,
				D14AED812443AC840012469F /* DayView.swift in Sources */,
				D1F228F324545CEE0008DD92 /* CalendarProtocol.swift in Sources */,
				D16403052443D2560078E059 /* MonthView.swift in Sources */,
				D14AED852443B0BA0012469F /* WeekView.swift in Sources */,
				D179B6502448BFE9002C00B9 /* YearView.swift in Sources */,
				D10DAFED2451F45D00FC253E /* HexToUIColor.swift in Sources */,
				D1F228F5245464450008DD92 /* ProfileDAO.swift in Sources */,
				D179B6542448C75B002C00B9 /* HomeView.swift in Sources */,
				D10DAFEB2451E94F00FC253E /* Profile.swift in Sources */,
				D189C06C24264A1E00FF7723 /* AppDelegate.swift in Sources */,
				D1C0AE2C244DED7C00BB517D /* AddEditViewController.swift in Sources */,
				D10DAFE92451CD8200FC253E /* EventCollision.swift in Sources */,
				D1B79167244888C900B4A350 /* EventView.swift in Sources */,
				D1870E50244E424600DC56B8 /* TextfieldAnimation.swift in Sources */,
				D1F228EE245459090008DD92 /* profileView.swift in Sources */,
				D1F228F124545ADF0008DD92 /* NavigationProtocol.swift in Sources */,
				D189C06E24264A1E00FF7723 /* SceneDelegate.swift in Sources */,
				D1784746244970B600D3472F /* TaskView.swift in Sources */,
				D189C07624264A1E00FF7723 /* Calendars.xcdatamodeld in Sources */,
				D1A0CFF4244B9B0D008C4D7C /* Event.swift in Sources */,
				D10DAFE72451C4DE00FC253E /* EventDAO.swift in Sources */,
				D1F228E6245452330008DD92 /* SearchPanelViewController.swift in Sources */,
			);
			runOnlyForDeploymentPostprocessing = 0;
		};
/* End PBXSourcesBuildPhase section */

/* Begin PBXVariantGroup section */
		D189C07124264A1E00FF7723 /* Main.storyboard */ = {
			isa = PBXVariantGroup;
			children = (
				D189C07224264A1E00FF7723 /* Base */,
			);
			name = Main.storyboard;
			sourceTree = "<group>";
		};
		D189C07924264A1F00FF7723 /* LaunchScreen.storyboard */ = {
			isa = PBXVariantGroup;
			children = (
				D189C07A24264A1F00FF7723 /* Base */,
			);
			name = LaunchScreen.storyboard;
			sourceTree = "<group>";
		};
/* End PBXVariantGroup section */

/* Begin XCBuildConfiguration section */
		D189C07D24264A1F00FF7723 /* Debug */ = {
			isa = XCBuildConfiguration;
			buildSettings = {
				ALWAYS_SEARCH_USER_PATHS = NO;
				CLANG_ANALYZER_NONNULL = YES;
				CLANG_ANALYZER_NUMBER_OBJECT_CONVERSION = YES_AGGRESSIVE;
				CLANG_CXX_LANGUAGE_STANDARD = "gnu++14";
				CLANG_CXX_LIBRARY = "libc++";
				CLANG_ENABLE_MODULES = YES;
				CLANG_ENABLE_OBJC_ARC = YES;
				CLANG_ENABLE_OBJC_WEAK = YES;
				CLANG_WARN_BLOCK_CAPTURE_AUTORELEASING = YES;
				CLANG_WARN_BOOL_CONVERSION = YES;
				CLANG_WARN_COMMA = YES;
				CLANG_WARN_CONSTANT_CONVERSION = YES;
				CLANG_WARN_DEPRECATED_OBJC_IMPLEMENTATIONS = YES;
				CLANG_WARN_DIRECT_OBJC_ISA_USAGE = YES_ERROR;
				CLANG_WARN_DOCUMENTATION_COMMENTS = YES;
				CLANG_WARN_EMPTY_BODY = YES;
				CLANG_WARN_ENUM_CONVERSION = YES;
				CLANG_WARN_INFINITE_RECURSION = YES;
				CLANG_WARN_INT_CONVERSION = YES;
				CLANG_WARN_NON_LITERAL_NULL_CONVERSION = YES;
				CLANG_WARN_OBJC_IMPLICIT_RETAIN_SELF = YES;
				CLANG_WARN_OBJC_LITERAL_CONVERSION = YES;
				CLANG_WARN_OBJC_ROOT_CLASS = YES_ERROR;
				CLANG_WARN_RANGE_LOOP_ANALYSIS = YES;
				CLANG_WARN_STRICT_PROTOTYPES = YES;
				CLANG_WARN_SUSPICIOUS_MOVE = YES;
				CLANG_WARN_UNGUARDED_AVAILABILITY = YES_AGGRESSIVE;
				CLANG_WARN_UNREACHABLE_CODE = YES;
				CLANG_WARN__DUPLICATE_METHOD_MATCH = YES;
				COPY_PHASE_STRIP = NO;
				DEBUG_INFORMATION_FORMAT = dwarf;
				ENABLE_STRICT_OBJC_MSGSEND = YES;
				ENABLE_TESTABILITY = YES;
				GCC_C_LANGUAGE_STANDARD = gnu11;
				GCC_DYNAMIC_NO_PIC = NO;
				GCC_NO_COMMON_BLOCKS = YES;
				GCC_OPTIMIZATION_LEVEL = 0;
				GCC_PREPROCESSOR_DEFINITIONS = (
					"DEBUG=1",
					"$(inherited)",
				);
				GCC_WARN_64_TO_32_BIT_CONVERSION = YES;
				GCC_WARN_ABOUT_RETURN_TYPE = YES_ERROR;
				GCC_WARN_UNDECLARED_SELECTOR = YES;
				GCC_WARN_UNINITIALIZED_AUTOS = YES_AGGRESSIVE;
				GCC_WARN_UNUSED_FUNCTION = YES;
				GCC_WARN_UNUSED_VARIABLE = YES;
				IPHONEOS_DEPLOYMENT_TARGET = 13.2;
				MTL_ENABLE_DEBUG_INFO = INCLUDE_SOURCE;
				MTL_FAST_MATH = YES;
				ONLY_ACTIVE_ARCH = YES;
				SDKROOT = iphoneos;
				SWIFT_ACTIVE_COMPILATION_CONDITIONS = DEBUG;
				SWIFT_OPTIMIZATION_LEVEL = "-Onone";
			};
			name = Debug;
		};
		D189C07E24264A1F00FF7723 /* Release */ = {
			isa = XCBuildConfiguration;
			buildSettings = {
				ALWAYS_SEARCH_USER_PATHS = NO;
				CLANG_ANALYZER_NONNULL = YES;
				CLANG_ANALYZER_NUMBER_OBJECT_CONVERSION = YES_AGGRESSIVE;
				CLANG_CXX_LANGUAGE_STANDARD = "gnu++14";
				CLANG_CXX_LIBRARY = "libc++";
				CLANG_ENABLE_MODULES = YES;
				CLANG_ENABLE_OBJC_ARC = YES;
				CLANG_ENABLE_OBJC_WEAK = YES;
				CLANG_WARN_BLOCK_CAPTURE_AUTORELEASING = YES;
				CLANG_WARN_BOOL_CONVERSION = YES;
				CLANG_WARN_COMMA = YES;
				CLANG_WARN_CONSTANT_CONVERSION = YES;
				CLANG_WARN_DEPRECATED_OBJC_IMPLEMENTATIONS = YES;
				CLANG_WARN_DIRECT_OBJC_ISA_USAGE = YES_ERROR;
				CLANG_WARN_DOCUMENTATION_COMMENTS = YES;
				CLANG_WARN_EMPTY_BODY = YES;
				CLANG_WARN_ENUM_CONVERSION = YES;
				CLANG_WARN_INFINITE_RECURSION = YES;
				CLANG_WARN_INT_CONVERSION = YES;
				CLANG_WARN_NON_LITERAL_NULL_CONVERSION = YES;
				CLANG_WARN_OBJC_IMPLICIT_RETAIN_SELF = YES;
				CLANG_WARN_OBJC_LITERAL_CONVERSION = YES;
				CLANG_WARN_OBJC_ROOT_CLASS = YES_ERROR;
				CLANG_WARN_RANGE_LOOP_ANALYSIS = YES;
				CLANG_WARN_STRICT_PROTOTYPES = YES;
				CLANG_WARN_SUSPICIOUS_MOVE = YES;
				CLANG_WARN_UNGUARDED_AVAILABILITY = YES_AGGRESSIVE;
				CLANG_WARN_UNREACHABLE_CODE = YES;
				CLANG_WARN__DUPLICATE_METHOD_MATCH = YES;
				COPY_PHASE_STRIP = NO;
				DEBUG_INFORMATION_FORMAT = "dwarf-with-dsym";
				ENABLE_NS_ASSERTIONS = NO;
				ENABLE_STRICT_OBJC_MSGSEND = YES;
				GCC_C_LANGUAGE_STANDARD = gnu11;
				GCC_NO_COMMON_BLOCKS = YES;
				GCC_WARN_64_TO_32_BIT_CONVERSION = YES;
				GCC_WARN_ABOUT_RETURN_TYPE = YES_ERROR;
				GCC_WARN_UNDECLARED_SELECTOR = YES;
				GCC_WARN_UNINITIALIZED_AUTOS = YES_AGGRESSIVE;
				GCC_WARN_UNUSED_FUNCTION = YES;
				GCC_WARN_UNUSED_VARIABLE = YES;
				IPHONEOS_DEPLOYMENT_TARGET = 13.2;
				MTL_ENABLE_DEBUG_INFO = NO;
				MTL_FAST_MATH = YES;
				SDKROOT = iphoneos;
				SWIFT_COMPILATION_MODE = wholemodule;
				SWIFT_OPTIMIZATION_LEVEL = "-O";
				VALIDATE_PRODUCT = YES;
			};
			name = Release;
		};
		D189C08024264A1F00FF7723 /* Debug */ = {
			isa = XCBuildConfiguration;
			baseConfigurationReference = 3CAD2A87597709C627535437 /* Pods-Calendars.debug.xcconfig */;
			buildSettings = {
				ASSETCATALOG_COMPILER_APPICON_NAME = AppIcon;
				CODE_SIGN_STYLE = Automatic;
				DEVELOPMENT_TEAM = 5UN3ST4UB9;
				INFOPLIST_FILE = Calendars/Info.plist;
				LD_RUNPATH_SEARCH_PATHS = (
					"$(inherited)",
					"@executable_path/Frameworks",
				);
				PRODUCT_BUNDLE_IDENTIFIER = com.rafin.Calendars;
				PRODUCT_NAME = "$(TARGET_NAME)";
				SWIFT_VERSION = 5.0;
				TARGETED_DEVICE_FAMILY = "1,2";
			};
			name = Debug;
		};
		D189C08124264A1F00FF7723 /* Release */ = {
			isa = XCBuildConfiguration;
			baseConfigurationReference = 852D2DA748B60219B8E7E527 /* Pods-Calendars.release.xcconfig */;
			buildSettings = {
				ASSETCATALOG_COMPILER_APPICON_NAME = AppIcon;
				CODE_SIGN_STYLE = Automatic;
				DEVELOPMENT_TEAM = 5UN3ST4UB9;
				INFOPLIST_FILE = Calendars/Info.plist;
				LD_RUNPATH_SEARCH_PATHS = (
					"$(inherited)",
					"@executable_path/Frameworks",
				);
				PRODUCT_BUNDLE_IDENTIFIER = com.rafin.Calendars;
				PRODUCT_NAME = "$(TARGET_NAME)";
				SWIFT_VERSION = 5.0;
				TARGETED_DEVICE_FAMILY = "1,2";
			};
			name = Release;
		};
/* End XCBuildConfiguration section */

/* Begin XCConfigurationList section */
		D189C06324264A1E00FF7723 /* Build configuration list for PBXProject "Calendars" */ = {
			isa = XCConfigurationList;
			buildConfigurations = (
				D189C07D24264A1F00FF7723 /* Debug */,
				D189C07E24264A1F00FF7723 /* Release */,
			);
			defaultConfigurationIsVisible = 0;
			defaultConfigurationName = Release;
		};
		D189C07F24264A1F00FF7723 /* Build configuration list for PBXNativeTarget "Calendars" */ = {
			isa = XCConfigurationList;
			buildConfigurations = (
				D189C08024264A1F00FF7723 /* Debug */,
				D189C08124264A1F00FF7723 /* Release */,
			);
			defaultConfigurationIsVisible = 0;
			defaultConfigurationName = Release;
		};
/* End XCConfigurationList section */

/* Begin XCVersionGroup section */
		D189C07424264A1E00FF7723 /* Calendars.xcdatamodeld */ = {
			isa = XCVersionGroup;
			children = (
				D189C07524264A1E00FF7723 /* Calendars.xcdatamodel */,
			);
			currentVersion = D189C07524264A1E00FF7723 /* Calendars.xcdatamodel */;
			path = Calendars.xcdatamodeld;
			sourceTree = "<group>";
			versionGroupType = wrapper.xcdatamodel;
		};
/* End XCVersionGroup section */
	};
	rootObject = D189C06024264A1E00FF7723 /* Project object */;
}
